
Microsoft Visual Studio Solution File, Format Version 12.00
# Visual Studio Version 17
VisualStudioVersion = 17.8.34330.188
MinimumVisualStudioVersion = 10.0.40219.1
Project("{888888A0-9F3D-457C-B088-3A5042F75D52}") = "Ruutvõrrandi lahendamine", "Ruutvõrrandi lahendamine\Ruutvõrrandi lahendamine.pyproj", "{092850E0-BC26-48A6-899F-077CFBBBE4AD}"
EndProject
Global
	GlobalSection(SolutionConfigurationPlatforms) = preSolution
		Debug|Any CPU = Debug|Any CPU
		Release|Any CPU = Release|Any CPU
	EndGlobalSection
	GlobalSection(ProjectConfigurationPlatforms) = postSolution
		{092850E0-BC26-48A6-899F-077CFBBBE4AD}.Debug|Any CPU.ActiveCfg = Debug|Any CPU
		{092850E0-BC26-48A6-899F-077CFBBBE4AD}.Release|Any CPU.ActiveCfg = Release|Any CPU
	EndGlobalSection
	GlobalSection(SolutionProperties) = preSolution
		HideSolutionNode = FALSE
	EndGlobalSection
	GlobalSection(ExtensibilityGlobals) = postSolution
		SolutionGuid = {121DA0E2-C89F-4308-9B19-EB675CFF9720}
	EndGlobalSection
EndGlobal
